
Microsoft Visual Studio Solution File, Format Version 12.00
# Visual Studio 15
VisualStudioVersion = 15.0.26124.0
MinimumVisualStudioVersion = 15.0.26124.0
Project("{2150E333-8FDC-42A3-9474-1A3956D46DE8}") = "src", "src", "{CEAC5E0E-4B06-4C21-A2F9-32A686B3672C}"
EndProject
Project("{9A19103F-16F7-4668-BE54-9A1E7A4F7556}") = "Microsoft.AspNetCore.Authentication.Basic", "src\Microsoft.AspNetCore.Authentication.Basic\Microsoft.AspNetCore.Authentication.Basic.csproj", "{06AD266F-AA4F-4370-9304-C6ABA5C47ACF}"
EndProject
Project("{2150E333-8FDC-42A3-9474-1A3956D46DE8}") = "Solution Items", "Solution Items", "{09A6D525-3174-41A6-A0DC-BB048F5B5EF4}"
	ProjectSection(SolutionItems) = preProject
		.editorconfig = .editorconfig
		.gitattributes = .gitattributes
		.gitignore = .gitignore
		Directory.Build.props = Directory.Build.props
		Directory.Build.targets = Directory.Build.targets
		global.json = global.json
		README.md = README.md
	EndProjectSection
EndProject
Project("{2150E333-8FDC-42A3-9474-1A3956D46DE8}") = "build", "build", "{F4BBF41B-7E4D-403A-876E-45B2EE6016C2}"
	ProjectSection(SolutionItems) = preProject
		build\AssemblyInfo.props = build\AssemblyInfo.props
		build\AssemblyInfo.targets = build\AssemblyInfo.targets
		build\Default.props = build\Default.props
		build\Version.props = build\Version.props
		build\Version.targets = build\Version.targets
	EndProjectSection
EndProject
Global
	GlobalSection(SolutionConfigurationPlatforms) = preSolution
		Debug|Any CPU = Debug|Any CPU
		Debug|x64 = Debug|x64
		Debug|x86 = Debug|x86
		Release|Any CPU = Release|Any CPU
		Release|x64 = Release|x64
		Release|x86 = Release|x86
	EndGlobalSection
	GlobalSection(ProjectConfigurationPlatforms) = postSolution
		{06AD266F-AA4F-4370-9304-C6ABA5C47ACF}.Debug|Any CPU.ActiveCfg = Debug|Any CPU
		{06AD266F-AA4F-4370-9304-C6ABA5C47ACF}.Debug|Any CPU.Build.0 = Debug|Any CPU
		{06AD266F-AA4F-4370-9304-C6ABA5C47ACF}.Debug|x64.ActiveCfg = Debug|Any CPU
		{06AD266F-AA4F-4370-9304-C6ABA5C47ACF}.Debug|x64.Build.0 = Debug|Any CPU
		{06AD266F-AA4F-4370-9304-C6ABA5C47ACF}.Debug|x86.ActiveCfg = Debug|Any CPU
		{06AD266F-AA4F-4370-9304-C6ABA5C47ACF}.Debug|x86.Build.0 = Debug|Any CPU
		{06AD266F-AA4F-4370-9304-C6ABA5C47ACF}.Release|Any CPU.ActiveCfg = Release|Any CPU
		{06AD266F-AA4F-4370-9304-C6ABA5C47ACF}.Release|Any CPU.Build.0 = Release|Any CPU
		{06AD266F-AA4F-4370-9304-C6ABA5C47ACF}.Release|x64.ActiveCfg = Release|Any CPU
		{06AD266F-AA4F-4370-9304-C6ABA5C47ACF}.Release|x64.Build.0 = Release|Any CPU
		{06AD266F-AA4F-4370-9304-C6ABA5C47ACF}.Release|x86.ActiveCfg = Release|Any CPU
		{06AD266F-AA4F-4370-9304-C6ABA5C47ACF}.Release|x86.Build.0 = Release|Any CPU
	EndGlobalSection
	GlobalSection(SolutionProperties) = preSolution
		HideSolutionNode = FALSE
	EndGlobalSection
	GlobalSection(NestedProjects) = preSolution
		{06AD266F-AA4F-4370-9304-C6ABA5C47ACF} = {CEAC5E0E-4B06-4C21-A2F9-32A686B3672C}
	EndGlobalSection
	GlobalSection(ExtensibilityGlobals) = postSolution
		SolutionGuid = {DE94F385-8FE9-49E4-A648-47A41A73B439}
	EndGlobalSection
EndGlobal
